
Microsoft Visual Studio Solution File, Format Version 12.00
# Visual Studio Version 16
VisualStudioVersion = 16.0.30225.117
MinimumVisualStudioVersion = 10.0.40219.1
Project("{FAE04EC0-301F-11D3-BF4B-00C04F79EFBC}") = "YAFF", "YAFF\YAFF.csproj", "{FD62B6CC-AE8C-4C89-8FC5-6FBC2D9E8042}"
EndProject
Global
	GlobalSection(SolutionConfigurationPlatforms) = preSolution
		Debug|Any CPU = Debug|Any CPU
		Release|Any CPU = Release|Any CPU
	EndGlobalSection
	GlobalSection(ProjectConfigurationPlatforms) = postSolution
		{FD62B6CC-AE8C-4C89-8FC5-6FBC2D9E8042}.Debug|Any CPU.ActiveCfg = Debug|Any CPU
		{FD62B6CC-AE8C-4C89-8FC5-6FBC2D9E8042}.Debug|Any CPU.Build.0 = Debug|Any CPU
		{FD62B6CC-AE8C-4C89-8FC5-6FBC2D9E8042}.Release|Any CPU.ActiveCfg = Release|Any CPU
		{FD62B6CC-AE8C-4C89-8FC5-6FBC2D9E8042}.Release|Any CPU.Build.0 = Release|Any CPU
	EndGlobalSection
	GlobalSection(SolutionProperties) = preSolution
		HideSolutionNode = FALSE
	EndGlobalSection
	GlobalSection(ExtensibilityGlobals) = postSolution
		SolutionGuid = {09593A2B-74C7-42FC-9BDA-12D926B0FF95}
	EndGlobalSection
EndGlobal
